
Microsoft Visual Studio Solution File, Format Version 12.00
# Visual Studio Version 17
VisualStudioVersion = 17.10.35013.160
MinimumVisualStudioVersion = 10.0.40219.1
Project("{FAE04EC0-301F-11D3-BF4B-00C04F79EFBC}") = "LibraryManagement", "LibraryManagement\LibraryManagement.csproj", "{CAB78183-D12E-4E7F-AC26-2C00460531EC}"
EndProject
Global
	GlobalSection(SolutionConfigurationPlatforms) = preSolution
		Debug|Any CPU = Debug|Any CPU
		Release|Any CPU = Release|Any CPU
	EndGlobalSection
	GlobalSection(ProjectConfigurationPlatforms) = postSolution
		{CAB78183-D12E-4E7F-AC26-2C00460531EC}.Debug|Any CPU.ActiveCfg = Debug|Any CPU
		{CAB78183-D12E-4E7F-AC26-2C00460531EC}.Debug|Any CPU.Build.0 = Debug|Any CPU
		{CAB78183-D12E-4E7F-AC26-2C00460531EC}.Release|Any CPU.ActiveCfg = Release|Any CPU
		{CAB78183-D12E-4E7F-AC26-2C00460531EC}.Release|Any CPU.Build.0 = Release|Any CPU
	EndGlobalSection
	GlobalSection(SolutionProperties) = preSolution
		HideSolutionNode = FALSE
	EndGlobalSection
	GlobalSection(ExtensibilityGlobals) = postSolution
		SolutionGuid = {D5DF7D99-F03D-494C-BDE4-72F557D717F7}
	EndGlobalSection
EndGlobal
